<?xml version="1.0" encoding="utf-8"?>
<Project ToolsVersion="4.0" xmlns="http://schemas.microsoft.com/developer/msbuild/2003">
  <ItemGroup>
    <Filter Include="源文件">
      <UniqueIdentifier>{4FC737F1-C7A5-4376-A066-2A32D752A2FF}</UniqueIdentifier>
      <Extensions>cpp;c;cc;cxx;c++;cppm;ixx;def;odl;idl;hpj;bat;asm;asmx</Extensions>
    </Filter>
    <Filter Include="头文件">
      <UniqueIdentifier>{93995380-89BD-4b04-88EB-625FBE52EBFB}</UniqueIdentifier>
      <Extensions>h;hh;hpp;hxx;h++;hm;inl;inc;ipp;xsd</Extensions>
    </Filter>
    <Filter Include="资源文件">
      <UniqueIdentifier>{67DA6AB6-F800-4c08-8B7A-83BB121AAD01}</UniqueIdentifier>
      <Extensions>rc;ico;cur;bmp;dlg;rc2;rct;bin;rgs;gif;jpg;jpeg;jpe;resx;tiff;tif;png;wav;mfcribbon-ms</Extensions>
    </Filter>
    <Filter Include="GameEngine">
      <UniqueIdentifier>{4e2d5130-0e38-49b5-8a00-726641d6f64b}</UniqueIdentifier>
    </Filter>
  </ItemGroup>
  <ItemGroup>
    <ClCompile Include="src\Board.cpp">
      <Filter>源文件</Filter>
    </ClCompile>
    <ClCompile Include="main.cpp" />
    <ClCompile Include="src\Snow.cpp">
      <Filter>源文件</Filter>
    </ClCompile>
    <ClCompile Include="include\GameEngine\InputKey.cpp">
      <Filter>GameEngine</Filter>
    </ClCompile>
    <ClCompile Include="include\GameEngine\LogSys.cpp">
      <Filter>GameEngine</Filter>
    </ClCompile>
    <ClCompile Include="include\GameEngine\Render.cpp">
      <Filter>GameEngine</Filter>
    </ClCompile>
    <ClCompile Include="include\GameEngine\Resource.cpp">
      <Filter>GameEngine</Filter>
    </ClCompile>
    <ClCompile Include="include\GameEngine\Clock.cpp">
      <Filter>GameEngine</Filter>
    </ClCompile>
    <ClCompile Include="include\GameEngine\GameEngine.cpp">
      <Filter>GameEngine</Filter>
    </ClCompile>
    <ClCompile Include="src\Thread_pool.cpp">
      <Filter>源文件</Filter>
    </ClCompile>
    <ClCompile Include="src\GameData.cpp">
      <Filter>源文件</Filter>
    </ClCompile>
  </ItemGroup>
  <ItemGroup>
    <ClInclude Include="src\Board.h">
      <Filter>头文件</Filter>
    </ClInclude>
    <ClInclude Include="src\Snow.h">
      <Filter>头文件</Filter>
    </ClInclude>
    <ClInclude Include="include\GameEngine\InputKey.h">
      <Filter>GameEngine</Filter>
    </ClInclude>
    <ClInclude Include="include\GameEngine\LogSys.h">
      <Filter>GameEngine</Filter>
    </ClInclude>
    <ClInclude Include="include\GameEngine\Render.h">
      <Filter>GameEngine</Filter>
    </ClInclude>
    <ClInclude Include="include\GameEngine\Resource.h">
      <Filter>GameEngine</Filter>
    </ClInclude>
    <ClInclude Include="include\GameEngine\Vec.h">
      <Filter>GameEngine</Filter>
    </ClInclude>
    <ClInclude Include="include\GameEngine\Clock.h">
      <Filter>GameEngine</Filter>
    </ClInclude>
    <ClInclude Include="include\GameEngine\GameEngine.h">
      <Filter>GameEngine</Filter>
    </ClInclude>
    <ClInclude Include="src\Thread_pool.h">
      <Filter>头文件</Filter>
    </ClInclude>
    <ClInclude Include="main.h" />
    <ClInclude Include="resource.h">
      <Filter>头文件</Filter>
    </ClInclude>
    <ClInclude Include="src\Dialog.h">
      <Filter>头文件</Filter>
    </ClInclude>
    <ClInclude Include="src\GameData.h">
      <Filter>头文件</Filter>
    </ClInclude>
  </ItemGroup>
  <ItemGroup>
    <ResourceCompile Include="D2D2048_v3.rc">
      <Filter>资源文件</Filter>
    </ResourceCompile>
  </ItemGroup>
</Project>